
Microsoft Visual Studio Solution File, Format Version 12.00
# Visual Studio Version 16
VisualStudioVersion = 16.0.30128.74
MinimumVisualStudioVersion = 10.0.40219.1
Project("{FAE04EC0-301F-11D3-BF4B-00C04F79EFBC}") = "website2", "website2\website2.csproj", "{ABFDC889-5BBE-436A-8B66-C315EF6BAC57}"
EndProject
Global
	GlobalSection(SolutionConfigurationPlatforms) = preSolution
		Debug|Any CPU = Debug|Any CPU
		Release|Any CPU = Release|Any CPU
	EndGlobalSection
	GlobalSection(ProjectConfigurationPlatforms) = postSolution
		{ABFDC889-5BBE-436A-8B66-C315EF6BAC57}.Debug|Any CPU.ActiveCfg = Debug|Any CPU
		{ABFDC889-5BBE-436A-8B66-C315EF6BAC57}.Debug|Any CPU.Build.0 = Debug|Any CPU
		{ABFDC889-5BBE-436A-8B66-C315EF6BAC57}.Release|Any CPU.ActiveCfg = Release|Any CPU
		{ABFDC889-5BBE-436A-8B66-C315EF6BAC57}.Release|Any CPU.Build.0 = Release|Any CPU
	EndGlobalSection
	GlobalSection(SolutionProperties) = preSolution
		HideSolutionNode = FALSE
	EndGlobalSection
	GlobalSection(ExtensibilityGlobals) = postSolution
		SolutionGuid = {853F6ED6-C564-4908-B4D5-337D47154D5D}
	EndGlobalSection
EndGlobal
